// !$*UTF8*$!
{
	archiveVersion = 1;
	classes = {
	};
	objectVersion = 56;
	objects = {

/* Begin PBXBuildFile section */
		3A0A1F532D6FDB0D007DD113 /* MockData.swift in Sources */ = {isa = PBXBuildFile; fileRef = 3A0A1F502D6FDB0D007DD113 /* MockData.swift */; };
		3A0A1F582D6FDB34007DD113 /* FavoritesLoopView.swift in Sources */ = {isa = PBXBuildFile; fileRef = 3A0A1F542D6FDB34007DD113 /* FavoritesLoopView.swift */; };
		3A0A1F5A2D6FDB34007DD113 /* SearchView.swift in Sources */ = {isa = PBXBuildFile; fileRef = 3A0A1F562D6FDB34007DD113 /* SearchView.swift */; };
		3A0A1F5B2D6FDD86007DD113 /* Content.swift in Sources */ = {isa = PBXBuildFile; fileRef = 3A0A1F4F2D6FDB0D007DD113 /* Content.swift */; };
		3A0A1F5C2D6FFB2B007DD113 /* HomeView.swift in Sources */ = {isa = PBXBuildFile; fileRef = 3A0A1F552D6FDB34007DD113 /* HomeView.swift */; };
		3A0A1F602D70A9E5007DD113 /* SubscriptionData.swift in Sources */ = {isa = PBXBuildFile; fileRef = 3A0A1F5F2D70A9E5007DD113 /* SubscriptionData.swift */; };
		3A0A1F622D70AA13007DD113 /* SubscriptionsView.swift in Sources */ = {isa = PBXBuildFile; fileRef = 3A0A1F612D70AA13007DD113 /* SubscriptionsView.swift */; };
		3A21C9172D6FCA8E00C9B4AB /* unistreamApp.swift in Sources */ = {isa = PBXBuildFile; fileRef = 3A21C9162D6FCA8E00C9B4AB /* unistreamApp.swift */; };
		3A21C91B2D6FCA9000C9B4AB /* Assets.xcassets in Resources */ = {isa = PBXBuildFile; fileRef = 3A21C91A2D6FCA9000C9B4AB /* Assets.xcassets */; };
		3A21C91E2D6FCA9000C9B4AB /* Preview Assets.xcassets in Resources */ = {isa = PBXBuildFile; fileRef = 3A21C91D2D6FCA9000C9B4AB /* Preview Assets.xcassets */; };
		3A21C9282D6FCA9100C9B4AB /* unistreamTests.swift in Sources */ = {isa = PBXBuildFile; fileRef = 3A21C9272D6FCA9100C9B4AB /* unistreamTests.swift */; };
		3A21C9322D6FCA9100C9B4AB /* unistreamUITests.swift in Sources */ = {isa = PBXBuildFile; fileRef = 3A21C9312D6FCA9100C9B4AB /* unistreamUITests.swift */; };
		3A21C9342D6FCA9100C9B4AB /* unistreamUITestsLaunchTests.swift in Sources */ = {isa = PBXBuildFile; fileRef = 3A21C9332D6FCA9100C9B4AB /* unistreamUITestsLaunchTests.swift */; };
		3A3626122D8330D600C9BF18 /* SignUpView.swift in Sources */ = {isa = PBXBuildFile; fileRef = 3A3626112D8330D600C9BF18 /* SignUpView.swift */; };
		3A3626142D8332F000C9BF18 /* LoginView.swift in Sources */ = {isa = PBXBuildFile; fileRef = 3A3626132D8332F000C9BF18 /* LoginView.swift */; };
		3A3626162D85E02800C9BF18 /* SocialAuthService.swift in Sources */ = {isa = PBXBuildFile; fileRef = 3A3626152D85E02700C9BF18 /* SocialAuthService.swift */; };
		3AE1BCC82D73B74100B494CE /* TMDBModels.swift in Sources */ = {isa = PBXBuildFile; fileRef = 3AE1BCC72D73B74100B494CE /* TMDBModels.swift */; };
		3AE1BCCB2D73BE3800B494CE /* TMDBService.swift in Sources */ = {isa = PBXBuildFile; fileRef = 3AE1BCC92D73BE3800B494CE /* TMDBService.swift */; };
		3AE1BCCD2D7B87F500B494CE /* StreamingService.swift in Sources */ = {isa = PBXBuildFile; fileRef = 3AE1BCCC2D7B87F400B494CE /* StreamingService.swift */; };
		3AF65AF12D70B3C900AF6CD3 /* ContentDetailView.swift in Sources */ = {isa = PBXBuildFile; fileRef = 3AF65AF02D70B3C800AF6CD3 /* ContentDetailView.swift */; };
		3AF65AF52D716B6200AF6CD3 /* UserProfileView.swift in Sources */ = {isa = PBXBuildFile; fileRef = 3AF65AF42D716B6200AF6CD3 /* UserProfileView.swift */; };
		3AF65AF72D716C4400AF6CD3 /* User.swift in Sources */ = {isa = PBXBuildFile; fileRef = 3AF65AF62D716C4400AF6CD3 /* User.swift */; };
		3AF65AF92D71F0AD00AF6CD3 /* SubscriptionCard.swift in Sources */ = {isa = PBXBuildFile; fileRef = 3AF65AF82D71F0AD00AF6CD3 /* SubscriptionCard.swift */; };
		3AF65AFB2D723F2C00AF6CD3 /* Theme.swift in Sources */ = {isa = PBXBuildFile; fileRef = 3AF65AFA2D723F2B00AF6CD3 /* Theme.swift */; };
		3AF65AFD2D72416A00AF6CD3 /* UserState.swift in Sources */ = {isa = PBXBuildFile; fileRef = 3AF65AFC2D72416A00AF6CD3 /* UserState.swift */; };
		3AF65B052D729C4100AF6CD3 /* ContentCard.swift in Sources */ = {isa = PBXBuildFile; fileRef = 3AF65B032D729C4100AF6CD3 /* ContentCard.swift */; };
		3AF65B062D7B87F600B494CE /* PersistenceService.swift in Sources */ = {isa = PBXBuildFile; fileRef = 3AF65B062D7B87F600B494CF /* PersistenceService.swift */; };
		3AF65B072D7B87F700B494CE /* UserInteractionService.swift in Sources */ = {isa = PBXBuildFile; fileRef = 3AF65B072D7B87F700B494CF /* UserInteractionService.swift */; };
		3AF65B082D7B87F800B494CE /* ServiceDetailView.swift in Sources */ = {isa = PBXBuildFile; fileRef = 3AF65B082D7B87F800B494CF /* ServiceDetailView.swift */; };
		3AF65B092D7B87F900B494CE /* ImageColorExtractor.swift in Sources */ = {isa = PBXBuildFile; fileRef = 3AF65B092D7B87F900B494CF /* ImageColorExtractor.swift */; };
/* End PBXBuildFile section */

/* Begin PBXContainerItemProxy section */
		3A21C9242D6FCA9100C9B4AB /* PBXContainerItemProxy */ = {
			isa = PBXContainerItemProxy;
			containerPortal = 3A21C90B2D6FCA8E00C9B4AB /* Project object */;
			proxyType = 1;
			remoteGlobalIDString = 3A21C9122D6FCA8E00C9B4AB;
			remoteInfo = unistream;
		};
		3A21C92E2D6FCA9100C9B4AB /* PBXContainerItemProxy */ = {
			isa = PBXContainerItemProxy;
			containerPortal = 3A21C90B2D6FCA8E00C9B4AB /* Project object */;
			proxyType = 1;
			remoteGlobalIDString = 3A21C9122D6FCA8E00C9B4AB;
			remoteInfo = unistream;
		};
/* End PBXContainerItemProxy section */

/* Begin PBXFileReference section */
		3A0A1F4F2D6FDB0D007DD113 /* Content.swift */ = {isa = PBXFileReference; fileEncoding = 4; lastKnownFileType = sourcecode.swift; path = Content.swift; sourceTree = "<group>"; };
		3A0A1F502D6FDB0D007DD113 /* MockData.swift */ = {isa = PBXFileReference; fileEncoding = 4; lastKnownFileType = sourcecode.swift; path = MockData.swift; sourceTree = "<group>"; };
		3A0A1F542D6FDB34007DD113 /* FavoritesLoopView.swift */ = {isa = PBXFileReference; fileEncoding = 4; lastKnownFileType = sourcecode.swift; path = FavoritesLoopView.swift; sourceTree = "<group>"; };
		3A0A1F552D6FDB34007DD113 /* HomeView.swift */ = {isa = PBXFileReference; fileEncoding = 4; lastKnownFileType = sourcecode.swift; path = HomeView.swift; sourceTree = "<group>"; };
		3A0A1F562D6FDB34007DD113 /* SearchView.swift */ = {isa = PBXFileReference; fileEncoding = 4; lastKnownFileType = sourcecode.swift; path = SearchView.swift; sourceTree = "<group>"; };
		3A0A1F5F2D70A9E5007DD113 /* SubscriptionData.swift */ = {isa = PBXFileReference; fileEncoding = 4; lastKnownFileType = sourcecode.swift; path = SubscriptionData.swift; sourceTree = "<group>"; };
		3A0A1F612D70AA13007DD113 /* SubscriptionsView.swift */ = {isa = PBXFileReference; fileEncoding = 4; lastKnownFileType = sourcecode.swift; path = SubscriptionsView.swift; sourceTree = "<group>"; };
		3A21C9132D6FCA8E00C9B4AB /* unistream.app */ = {isa = PBXFileReference; explicitFileType = wrapper.application; includeInIndex = 0; path = unistream.app; sourceTree = BUILT_PRODUCTS_DIR; };
		3A21C9162D6FCA8E00C9B4AB /* unistreamApp.swift */ = {isa = PBXFileReference; lastKnownFileType = sourcecode.swift; path = unistreamApp.swift; sourceTree = "<group>"; };
		3A21C91A2D6FCA9000C9B4AB /* Assets.xcassets */ = {isa = PBXFileReference; lastKnownFileType = folder.assetcatalog; path = Assets.xcassets; sourceTree = "<group>"; };
		3A21C91D2D6FCA9000C9B4AB /* Preview Assets.xcassets */ = {isa = PBXFileReference; lastKnownFileType = folder.assetcatalog; path = "Preview Assets.xcassets"; sourceTree = "<group>"; };
		3A21C9232D6FCA9100C9B4AB /* unistreamTests.xctest */ = {isa = PBXFileReference; explicitFileType = wrapper.cfbundle; includeInIndex = 0; path = unistreamTests.xctest; sourceTree = BUILT_PRODUCTS_DIR; };
		3A21C9272D6FCA9100C9B4AB /* unistreamTests.swift */ = {isa = PBXFileReference; lastKnownFileType = sourcecode.swift; path = unistreamTests.swift; sourceTree = "<group>"; };
		3A21C92D2D6FCA9100C9B4AB /* unistreamUITests.xctest */ = {isa = PBXFileReference; explicitFileType = wrapper.cfbundle; includeInIndex = 0; path = unistreamUITests.xctest; sourceTree = BUILT_PRODUCTS_DIR; };
		3A21C9312D6FCA9100C9B4AB /* unistreamUITests.swift */ = {isa = PBXFileReference; lastKnownFileType = sourcecode.swift; path = unistreamUITests.swift; sourceTree = "<group>"; };
		3A21C9332D6FCA9100C9B4AB /* unistreamUITestsLaunchTests.swift */ = {isa = PBXFileReference; lastKnownFileType = sourcecode.swift; path = unistreamUITestsLaunchTests.swift; sourceTree = "<group>"; };
		3A3626112D8330D600C9BF18 /* SignUpView.swift */ = {isa = PBXFileReference; fileEncoding = 4; lastKnownFileType = sourcecode.swift; path = SignUpView.swift; sourceTree = "<group>"; };
		3A3626132D8332F000C9BF18 /* LoginView.swift */ = {isa = PBXFileReference; fileEncoding = 4; lastKnownFileType = sourcecode.swift; path = LoginView.swift; sourceTree = "<group>"; };
		3A3626152D85E02700C9BF18 /* SocialAuthService.swift */ = {isa = PBXFileReference; fileEncoding = 4; lastKnownFileType = sourcecode.swift; path = SocialAuthService.swift; sourceTree = "<group>"; };
		3AE1BCC72D73B74100B494CE /* TMDBModels.swift */ = {isa = PBXFileReference; fileEncoding = 4; lastKnownFileType = sourcecode.swift; path = TMDBModels.swift; sourceTree = "<group>"; };
		3AE1BCC92D73BE3800B494CE /* TMDBService.swift */ = {isa = PBXFileReference; fileEncoding = 4; lastKnownFileType = sourcecode.swift; path = TMDBService.swift; sourceTree = "<group>"; };
		3AE1BCCC2D7B87F400B494CE /* StreamingService.swift */ = {isa = PBXFileReference; fileEncoding = 4; lastKnownFileType = sourcecode.swift; path = StreamingService.swift; sourceTree = "<group>"; };
		3AF65AF02D70B3C800AF6CD3 /* ContentDetailView.swift */ = {isa = PBXFileReference; fileEncoding = 4; lastKnownFileType = sourcecode.swift; path = ContentDetailView.swift; sourceTree = "<group>"; };
		3AF65AF42D716B6200AF6CD3 /* UserProfileView.swift */ = {isa = PBXFileReference; fileEncoding = 4; lastKnownFileType = sourcecode.swift; path = UserProfileView.swift; sourceTree = "<group>"; };
		3AF65AF62D716C4400AF6CD3 /* User.swift */ = {isa = PBXFileReference; fileEncoding = 4; lastKnownFileType = sourcecode.swift; path = User.swift; sourceTree = "<group>"; };
		3AF65AF82D71F0AD00AF6CD3 /* SubscriptionCard.swift */ = {isa = PBXFileReference; fileEncoding = 4; lastKnownFileType = sourcecode.swift; path = SubscriptionCard.swift; sourceTree = "<group>"; };
		3AF65AFA2D723F2B00AF6CD3 /* Theme.swift */ = {isa = PBXFileReference; fileEncoding = 4; lastKnownFileType = sourcecode.swift; path = Theme.swift; sourceTree = "<group>"; };
		3AF65AFC2D72416A00AF6CD3 /* UserState.swift */ = {isa = PBXFileReference; fileEncoding = 4; lastKnownFileType = sourcecode.swift; path = UserState.swift; sourceTree = "<group>"; };
		3AF65B032D729C4100AF6CD3 /* ContentCard.swift */ = {isa = PBXFileReference; fileEncoding = 4; lastKnownFileType = sourcecode.swift; path = ContentCard.swift; sourceTree = "<group>"; };
		3AF65B062D7B87F600B494CF /* PersistenceService.swift */ = {isa = PBXFileReference; fileEncoding = 4; lastKnownFileType = sourcecode.swift; path = PersistenceService.swift; sourceTree = "<group>"; };
		3AF65B072D7B87F700B494CF /* UserInteractionService.swift */ = {isa = PBXFileReference; fileEncoding = 4; lastKnownFileType = sourcecode.swift; path = UserInteractionService.swift; sourceTree = "<group>"; };
		3AF65B082D7B87F800B494CF /* ServiceDetailView.swift */ = {isa = PBXFileReference; fileEncoding = 4; lastKnownFileType = sourcecode.swift; path = ServiceDetailView.swift; sourceTree = "<group>"; };
		3AF65B092D7B87F900B494CF /* ImageColorExtractor.swift */ = {isa = PBXFileReference; fileEncoding = 4; lastKnownFileType = sourcecode.swift; path = ImageColorExtractor.swift; sourceTree = "<group>"; };
/* End PBXFileReference section */

/* Begin PBXFrameworksBuildPhase section */
		3A21C9102D6FCA8E00C9B4AB /* Frameworks */ = {
			isa = PBXFrameworksBuildPhase;
			buildActionMask = 2147483647;
			files = (
			);
			runOnlyForDeploymentPostprocessing = 0;
		};
		3A21C9202D6FCA9100C9B4AB /* Frameworks */ = {
			isa = PBXFrameworksBuildPhase;
			buildActionMask = 2147483647;
			files = (
			);
			runOnlyForDeploymentPostprocessing = 0;
		};
		3A21C92A2D6FCA9100C9B4AB /* Frameworks */ = {
			isa = PBXFrameworksBuildPhase;
			buildActionMask = 2147483647;
			files = (
			);
			runOnlyForDeploymentPostprocessing = 0;
		};
/* End PBXFrameworksBuildPhase section */

/* Begin PBXGroup section */
		3A0A1F512D6FDB0D007DD113 /* Models */ = {
			isa = PBXGroup;
			children = (
				3A0A1F4F2D6FDB0D007DD113 /* Content.swift */,
				3A0A1F502D6FDB0D007DD113 /* MockData.swift */,
				3AE1BCCC2D7B87F400B494CE /* StreamingService.swift */,
				3A0A1F5F2D70A9E5007DD113 /* SubscriptionData.swift */,
				3AF65AFA2D723F2B00AF6CD3 /* Theme.swift */,
				3AE1BCC72D73B74100B494CE /* TMDBModels.swift */,
				3AF65AF62D716C4400AF6CD3 /* User.swift */,
				3AF65AFC2D72416A00AF6CD3 /* UserState.swift */,
			);
			path = Models;
			sourceTree = "<group>";
		};
		3A0A1F572D6FDB34007DD113 /* Views */ = {
			isa = PBXGroup;
			children = (
				3AF65B042D729C4100AF6CD3 /* Components */,
				3AF65AF02D70B3C800AF6CD3 /* ContentDetailView.swift */,
				3A0A1F542D6FDB34007DD113 /* FavoritesLoopView.swift */,
				3A0A1F552D6FDB34007DD113 /* HomeView.swift */,
				3A3626132D8332F000C9BF18 /* LoginView.swift */,
				3A0A1F562D6FDB34007DD113 /* SearchView.swift */,
				3AF65B082D7B87F800B494CF /* ServiceDetailView.swift */,
				3AF65B092D7B87F900B494CF /* ImageColorExtractor.swift */,
				3A3626112D8330D600C9BF18 /* SignUpView.swift */,
				3AF65AF82D71F0AD00AF6CD3 /* SubscriptionCard.swift */,
				3A0A1F612D70AA13007DD113 /* SubscriptionsView.swift */,
				3AF65AF42D716B6200AF6CD3 /* UserProfileView.swift */,
			);
			name = Views;
			path = unistream/Views;
			sourceTree = SOURCE_ROOT;
		};
		3A21C90A2D6FCA8E00C9B4AB = {
			isa = PBXGroup;
			children = (
				3A21C9152D6FCA8E00C9B4AB /* unistream */,
				3AE1BCCA2D73BE3800B494CE /* Services */,
				3A21C9262D6FCA9100C9B4AB /* unistreamTests */,
				3A21C9302D6FCA9100C9B4AB /* unistreamUITests */,
				3A21C9142D6FCA8E00C9B4AB /* Products */,
			);
			sourceTree = "<group>";
		};
		3A21C9142D6FCA8E00C9B4AB /* Products */ = {
			isa = PBXGroup;
			children = (
				3A21C9132D6FCA8E00C9B4AB /* unistream.app */,
				3A21C9232D6FCA9100C9B4AB /* unistreamTests.xctest */,
				3A21C92D2D6FCA9100C9B4AB /* unistreamUITests.xctest */,
			);
			name = Products;
			sourceTree = "<group>";
		};
		3A21C9152D6FCA8E00C9B4AB /* unistream */ = {
			isa = PBXGroup;
			children = (
				3A0A1F512D6FDB0D007DD113 /* Models */,
				3A0A1F572D6FDB34007DD113 /* Views */,
				3A21C9162D6FCA8E00C9B4AB /* unistreamApp.swift */,
				3A21C91A2D6FCA9000C9B4AB /* Assets.xcassets */,
				3A21C91C2D6FCA9000C9B4AB /* Preview Content */,
			);
			path = unistream;
			sourceTree = "<group>";
		};
		3A21C91C2D6FCA9000C9B4AB /* Preview Content */ = {
			isa = PBXGroup;
			children = (
				3A21C91D2D6FCA9000C9B4AB /* Preview Assets.xcassets */,
			);
			path = "Preview Content";
			sourceTree = "<group>";
		};
		3A21C9262D6FCA9100C9B4AB /* unistreamTests */ = {
			isa = PBXGroup;
			children = (
				3A21C9272D6FCA9100C9B4AB /* unistreamTests.swift */,
			);
			path = unistreamTests;
			sourceTree = "<group>";
		};
		3A21C9302D6FCA9100C9B4AB /* unistreamUITests */ = {
			isa = PBXGroup;
			children = (
				3A21C9312D6FCA9100C9B4AB /* unistreamUITests.swift */,
				3A21C9332D6FCA9100C9B4AB /* unistreamUITestsLaunchTests.swift */,
			);
			path = unistreamUITests;
			sourceTree = "<group>";
		};
		3AE1BCCA2D73BE3800B494CE /* Services */ = {
			isa = PBXGroup;
			children = (
				3A3626152D85E02700C9BF18 /* SocialAuthService.swift */,
				3AE1BCC92D73BE3800B494CE /* TMDBService.swift */,
				3AF65B062D7B87F600B494CF /* PersistenceService.swift */,
				3AF65B072D7B87F700B494CF /* UserInteractionService.swift */,
			);
			name = Services;
			path = unistream/Services;
			sourceTree = "<group>";
		};
		3AF65B042D729C4100AF6CD3 /* Components */ = {
			isa = PBXGroup;
			children = (
				3AF65B032D729C4100AF6CD3 /* ContentCard.swift */,
			);
			path = Components;
			sourceTree = "<group>";
		};
/* End PBXGroup section */

/* Begin PBXNativeTarget section */
		3A21C9122D6FCA8E00C9B4AB /* unistream */ = {
			isa = PBXNativeTarget;
			buildConfigurationList = 3A21C9372D6FCA9100C9B4AB /* Build configuration list for PBXNativeTarget "unistream" */;
			buildPhases = (
				3A21C90F2D6FCA8E00C9B4AB /* Sources */,
				3A21C9102D6FCA8E00C9B4AB /* Frameworks */,
				3A21C9112D6FCA8E00C9B4AB /* Resources */,
			);
			buildRules = (
			);
			dependencies = (
			);
			name = unistream;
			productName = unistream;
			productReference = 3A21C9132D6FCA8E00C9B4AB /* unistream.app */;
			productType = "com.apple.product-type.application";
		};
		3A21C9222D6FCA9100C9B4AB /* unistreamTests */ = {
			isa = PBXNativeTarget;
			buildConfigurationList = 3A21C93A2D6FCA9100C9B4AB /* Build configuration list for PBXNativeTarget "unistreamTests" */;
			buildPhases = (
				3A21C91F2D6FCA9100C9B4AB /* Sources */,
				3A21C9202D6FCA9100C9B4AB /* Frameworks */,
				3A21C9212D6FCA9100C9B4AB /* Resources */,
			);
			buildRules = (
			);
			dependencies = (
				3A21C9252D6FCA9100C9B4AB /* PBXTargetDependency */,
			);
			name = unistreamTests;
			productName = unistreamTests;
			productReference = 3A21C9232D6FCA9100C9B4AB /* unistreamTests.xctest */;
			productType = "com.apple.product-type.bundle.unit-test";
		};
		3A21C92C2D6FCA9100C9B4AB /* unistreamUITests */ = {
			isa = PBXNativeTarget;
			buildConfigurationList = 3A21C93D2D6FCA9100C9B4AB /* Build configuration list for PBXNativeTarget "unistreamUITests" */;
			buildPhases = (
				3A21C9292D6FCA9100C9B4AB /* Sources */,
				3A21C92A2D6FCA9100C9B4AB /* Frameworks */,
				3A21C92B2D6FCA9100C9B4AB /* Resources */,
			);
			buildRules = (
			);
			dependencies = (
				3A21C92F2D6FCA9100C9B4AB /* PBXTargetDependency */,
			);
			name = unistreamUITests;
			productName = unistreamUITests;
			productReference = 3A21C92D2D6FCA9100C9B4AB /* unistreamUITests.xctest */;
			productType = "com.apple.product-type.bundle.ui-testing";
		};
/* End PBXNativeTarget section */

/* Begin PBXProject section */
		3A21C90B2D6FCA8E00C9B4AB /* Project object */ = {
			isa = PBXProject;
			attributes = {
				BuildIndependentTargetsInParallel = 1;
				LastSwiftUpdateCheck = 1540;
				LastUpgradeCheck = 2620;
				TargetAttributes = {
					3A21C9122D6FCA8E00C9B4AB = {
						CreatedOnToolsVersion = 15.4;
					};
					3A21C9222D6FCA9100C9B4AB = {
						CreatedOnToolsVersion = 15.4;
						TestTargetID = 3A21C9122D6FCA8E00C9B4AB;
					};
					3A21C92C2D6FCA9100C9B4AB = {
						CreatedOnToolsVersion = 15.4;
						TestTargetID = 3A21C9122D6FCA8E00C9B4AB;
					};
				};
			};
			buildConfigurationList = 3A21C90E2D6FCA8E00C9B4AB /* Build configuration list for PBXProject "unistream" */;
			compatibilityVersion = "Xcode 14.0";
			developmentRegion = en;
			hasScannedForEncodings = 0;
			knownRegions = (
				en,
				Base,
			);
			mainGroup = 3A21C90A2D6FCA8E00C9B4AB;
			packageReferences = (
				3A2C085E2D85E47100D9968E /* XCRemoteSwiftPackageReference "swift-algorithms" */,
			);
			productRefGroup = 3A21C9142D6FCA8E00C9B4AB /* Products */;
			projectDirPath = "";
			projectRoot = "";
			targets = (
				3A21C9122D6FCA8E00C9B4AB /* unistream */,
				3A21C9222D6FCA9100C9B4AB /* unistreamTests */,
				3A21C92C2D6FCA9100C9B4AB /* unistreamUITests */,
			);
		};
/* End PBXProject section */

/* Begin PBXResourcesBuildPhase section */
		3A21C9112D6FCA8E00C9B4AB /* Resources */ = {
			isa = PBXResourcesBuildPhase;
			buildActionMask = 2147483647;
			files = (
				3A21C91E2D6FCA9000C9B4AB /* Preview Assets.xcassets in Resources */,
				3A21C91B2D6FCA9000C9B4AB /* Assets.xcassets in Resources */,
			);
			runOnlyForDeploymentPostprocessing = 0;
		};
		3A21C9212D6FCA9100C9B4AB /* Resources */ = {
			isa = PBXResourcesBuildPhase;
			buildActionMask = 2147483647;
			files = (
			);
			runOnlyForDeploymentPostprocessing = 0;
		};
		3A21C92B2D6FCA9100C9B4AB /* Resources */ = {
			isa = PBXResourcesBuildPhase;
			buildActionMask = 2147483647;
			files = (
			);
			runOnlyForDeploymentPostprocessing = 0;
		};
/* End PBXResourcesBuildPhase section */

/* Begin PBXSourcesBuildPhase section */
		3A21C90F2D6FCA8E00C9B4AB /* Sources */ = {
			isa = PBXSourcesBuildPhase;
			buildActionMask = 2147483647;
			files = (
				3A3626162D85E02800C9BF18 /* SocialAuthService.swift in Sources */,
				3AF65AF72D716C4400AF6CD3 /* User.swift in Sources */,
				3AF65B052D729C4100AF6CD3 /* ContentCard.swift in Sources */,
				3A0A1F602D70A9E5007DD113 /* SubscriptionData.swift in Sources */,
				3A0A1F5C2D6FFB2B007DD113 /* HomeView.swift in Sources */,
				3AF65B082D7B87F800B494CE /* ServiceDetailView.swift in Sources */,
				3AF65B092D7B87F900B494CE /* ImageColorExtractor.swift in Sources */,
				3A0A1F532D6FDB0D007DD113 /* MockData.swift in Sources */,
				3A3626122D8330D600C9BF18 /* SignUpView.swift in Sources */,
				3AF65AFB2D723F2C00AF6CD3 /* Theme.swift in Sources */,
				3AE1BCCB2D73BE3800B494CE /* TMDBService.swift in Sources */,
				3AF65B062D7B87F600B494CE /* PersistenceService.swift in Sources */,
				3AF65B072D7B87F700B494CE /* UserInteractionService.swift in Sources */,
				3AE1BCC82D73B74100B494CE /* TMDBModels.swift in Sources */,
				3AF65AF92D71F0AD00AF6CD3 /* SubscriptionCard.swift in Sources */,
				3A0A1F5B2D6FDD86007DD113 /* Content.swift in Sources */,
				3AE1BCCD2D7B87F500B494CE /* StreamingService.swift in Sources */,
				3AF65AF12D70B3C900AF6CD3 /* ContentDetailView.swift in Sources */,
				3AF65AF52D716B6200AF6CD3 /* UserProfileView.swift in Sources */,
				3A21C9172D6FCA8E00C9B4AB /* unistreamApp.swift in Sources */,
				3A0A1F622D70AA13007DD113 /* SubscriptionsView.swift in Sources */,
				3A0A1F5A2D6FDB34007DD113 /* SearchView.swift in Sources */,
				3AF65AFD2D72416A00AF6CD3 /* UserState.swift in Sources */,
				3A3626142D8332F000C9BF18 /* LoginView.swift in Sources */,
				3A0A1F582D6FDB34007DD113 /* FavoritesLoopView.swift in Sources */,
			);
			runOnlyForDeploymentPostprocessing = 0;
		};
		3A21C91F2D6FCA9100C9B4AB /* Sources */ = {
			isa = PBXSourcesBuildPhase;
			buildActionMask = 2147483647;
			files = (
				3A21C9282D6FCA9100C9B4AB /* unistreamTests.swift in Sources */,
			);
			runOnlyForDeploymentPostprocessing = 0;
		};
		3A21C9292D6FCA9100C9B4AB /* Sources */ = {
			isa = PBXSourcesBuildPhase;
			buildActionMask = 2147483647;
			files = (
				3A21C9322D6FCA9100C9B4AB /* unistreamUITests.swift in Sources */,
				3A21C9342D6FCA9100C9B4AB /* unistreamUITestsLaunchTests.swift in Sources */,
			);
			runOnlyForDeploymentPostprocessing = 0;
		};
/* End PBXSourcesBuildPhase section */

/* Begin PBXTargetDependency section */
		3A21C9252D6FCA9100C9B4AB /* PBXTargetDependency */ = {
			isa = PBXTargetDependency;
			target = 3A21C9122D6FCA8E00C9B4AB /* unistream */;
			targetProxy = 3A21C9242D6FCA9100C9B4AB /* PBXContainerItemProxy */;
		};
		3A21C92F2D6FCA9100C9B4AB /* PBXTargetDependency */ = {
			isa = PBXTargetDependency;
			target = 3A21C9122D6FCA8E00C9B4AB /* unistream */;
			targetProxy = 3A21C92E2D6FCA9100C9B4AB /* PBXContainerItemProxy */;
		};
/* End PBXTargetDependency section */

/* Begin XCBuildConfiguration section */
		3A21C9352D6FCA9100C9B4AB /* Debug */ = {
			isa = XCBuildConfiguration;
			buildSettings = {
				ALWAYS_SEARCH_USER_PATHS = NO;
				ASSETCATALOG_COMPILER_GENERATE_SWIFT_ASSET_SYMBOL_EXTENSIONS = YES;
				CLANG_ANALYZER_NONNULL = YES;
				CLANG_ANALYZER_NUMBER_OBJECT_CONVERSION = YES_AGGRESSIVE;
				CLANG_CXX_LANGUAGE_STANDARD = "gnu++20";
				CLANG_ENABLE_MODULES = YES;
				CLANG_ENABLE_OBJC_ARC = YES;
				CLANG_ENABLE_OBJC_WEAK = YES;
				CLANG_WARN_BLOCK_CAPTURE_AUTORELEASING = YES;
				CLANG_WARN_BOOL_CONVERSION = YES;
				CLANG_WARN_COMMA = YES;
				CLANG_WARN_CONSTANT_CONVERSION = YES;
				CLANG_WARN_DEPRECATED_OBJC_IMPLEMENTATIONS = YES;
				CLANG_WARN_DIRECT_OBJC_ISA_USAGE = YES_ERROR;
				CLANG_WARN_DOCUMENTATION_COMMENTS = YES;
				CLANG_WARN_EMPTY_BODY = YES;
				CLANG_WARN_ENUM_CONVERSION = YES;
				CLANG_WARN_INFINITE_RECURSION = YES;
				CLANG_WARN_INT_CONVERSION = YES;
				CLANG_WARN_NON_LITERAL_NULL_CONVERSION = YES;
				CLANG_WARN_OBJC_IMPLICIT_RETAIN_SELF = YES;
				CLANG_WARN_OBJC_LITERAL_CONVERSION = YES;
				CLANG_WARN_OBJC_ROOT_CLASS = YES_ERROR;
				CLANG_WARN_QUOTED_INCLUDE_IN_FRAMEWORK_HEADER = YES;
				CLANG_WARN_RANGE_LOOP_ANALYSIS = YES;
				CLANG_WARN_STRICT_PROTOTYPES = YES;
				CLANG_WARN_SUSPICIOUS_MOVE = YES;
				CLANG_WARN_UNGUARDED_AVAILABILITY = YES_AGGRESSIVE;
				CLANG_WARN_UNREACHABLE_CODE = YES;
				CLANG_WARN__DUPLICATE_METHOD_MATCH = YES;
				COPY_PHASE_STRIP = NO;
				DEBUG_INFORMATION_FORMAT = dwarf;
				DEVELOPMENT_TEAM = WU6JWW8UJ9;
				ENABLE_STRICT_OBJC_MSGSEND = YES;
				ENABLE_TESTABILITY = YES;
				ENABLE_USER_SCRIPT_SANDBOXING = YES;
				GCC_C_LANGUAGE_STANDARD = gnu17;
				GCC_DYNAMIC_NO_PIC = NO;
				GCC_NO_COMMON_BLOCKS = YES;
				GCC_OPTIMIZATION_LEVEL = 0;
				GCC_PREPROCESSOR_DEFINITIONS = (
					"DEBUG=1",
					"$(inherited)",
				);
				GCC_WARN_64_TO_32_BIT_CONVERSION = YES;
				GCC_WARN_ABOUT_RETURN_TYPE = YES_ERROR;
				GCC_WARN_UNDECLARED_SELECTOR = YES;
				GCC_WARN_UNINITIALIZED_AUTOS = YES_AGGRESSIVE;
				GCC_WARN_UNUSED_FUNCTION = YES;
				GCC_WARN_UNUSED_VARIABLE = YES;
				IPHONEOS_DEPLOYMENT_TARGET = 17.5;
				LOCALIZATION_PREFERS_STRING_CATALOGS = YES;
				MTL_ENABLE_DEBUG_INFO = INCLUDE_SOURCE;
				MTL_FAST_MATH = YES;
				ONLY_ACTIVE_ARCH = YES;
				SDKROOT = iphoneos;
				STRING_CATALOG_GENERATE_SYMBOLS = YES;
				SWIFT_ACTIVE_COMPILATION_CONDITIONS = "DEBUG $(inherited)";
				SWIFT_OPTIMIZATION_LEVEL = "-Onone";
			};
			name = Debug;
		};
		3A21C9362D6FCA9100C9B4AB /* Release */ = {
			isa = XCBuildConfiguration;
			buildSettings = {
				ALWAYS_SEARCH_USER_PATHS = NO;
				ASSETCATALOG_COMPILER_GENERATE_SWIFT_ASSET_SYMBOL_EXTENSIONS = YES;
				CLANG_ANALYZER_NONNULL = YES;
				CLANG_ANALYZER_NUMBER_OBJECT_CONVERSION = YES_AGGRESSIVE;
				CLANG_CXX_LANGUAGE_STANDARD = "gnu++20";
				CLANG_ENABLE_MODULES = YES;
				CLANG_ENABLE_OBJC_ARC = YES;
				CLANG_ENABLE_OBJC_WEAK = YES;
				CLANG_WARN_BLOCK_CAPTURE_AUTORELEASING = YES;
				CLANG_WARN_BOOL_CONVERSION = YES;
				CLANG_WARN_COMMA = YES;
				CLANG_WARN_CONSTANT_CONVERSION = YES;
				CLANG_WARN_DEPRECATED_OBJC_IMPLEMENTATIONS = YES;
				CLANG_WARN_DIRECT_OBJC_ISA_USAGE = YES_ERROR;
				CLANG_WARN_DOCUMENTATION_COMMENTS = YES;
				CLANG_WARN_EMPTY_BODY = YES;
				CLANG_WARN_ENUM_CONVERSION = YES;
				CLANG_WARN_INFINITE_RECURSION = YES;
				CLANG_WARN_INT_CONVERSION = YES;
				CLANG_WARN_NON_LITERAL_NULL_CONVERSION = YES;
				CLANG_WARN_OBJC_IMPLICIT_RETAIN_SELF = YES;
				CLANG_WARN_OBJC_LITERAL_CONVERSION = YES;
				CLANG_WARN_OBJC_ROOT_CLASS = YES_ERROR;
				CLANG_WARN_QUOTED_INCLUDE_IN_FRAMEWORK_HEADER = YES;
				CLANG_WARN_RANGE_LOOP_ANALYSIS = YES;
				CLANG_WARN_STRICT_PROTOTYPES = YES;
				CLANG_WARN_SUSPICIOUS_MOVE = YES;
				CLANG_WARN_UNGUARDED_AVAILABILITY = YES_AGGRESSIVE;
				CLANG_WARN_UNREACHABLE_CODE = YES;
				CLANG_WARN__DUPLICATE_METHOD_MATCH = YES;
				COPY_PHASE_STRIP = NO;
				DEBUG_INFORMATION_FORMAT = "dwarf-with-dsym";
				DEVELOPMENT_TEAM = WU6JWW8UJ9;
				ENABLE_NS_ASSERTIONS = NO;
				ENABLE_STRICT_OBJC_MSGSEND = YES;
				ENABLE_USER_SCRIPT_SANDBOXING = YES;
				GCC_C_LANGUAGE_STANDARD = gnu17;
				GCC_NO_COMMON_BLOCKS = YES;
				GCC_WARN_64_TO_32_BIT_CONVERSION = YES;
				GCC_WARN_ABOUT_RETURN_TYPE = YES_ERROR;
				GCC_WARN_UNDECLARED_SELECTOR = YES;
				GCC_WARN_UNINITIALIZED_AUTOS = YES_AGGRESSIVE;
				GCC_WARN_UNUSED_FUNCTION = YES;
				GCC_WARN_UNUSED_VARIABLE = YES;
				IPHONEOS_DEPLOYMENT_TARGET = 17.5;
				LOCALIZATION_PREFERS_STRING_CATALOGS = YES;
				MTL_ENABLE_DEBUG_INFO = NO;
				MTL_FAST_MATH = YES;
				SDKROOT = iphoneos;
				STRING_CATALOG_GENERATE_SYMBOLS = YES;
				SWIFT_COMPILATION_MODE = wholemodule;
				VALIDATE_PRODUCT = YES;
			};
			name = Release;
		};
		3A21C9382D6FCA9100C9B4AB /* Debug */ = {
			isa = XCBuildConfiguration;
			buildSettings = {
				ASSETCATALOG_COMPILER_APPICON_NAME = AppIcon;
				ASSETCATALOG_COMPILER_GLOBAL_ACCENT_COLOR_NAME = AccentColor;
				CODE_SIGN_STYLE = Automatic;
				CURRENT_PROJECT_VERSION = 1;
				DEVELOPMENT_ASSET_PATHS = "\"unistream/Preview Content\"";
				ENABLE_PREVIEWS = YES;
				GENERATE_INFOPLIST_FILE = YES;
				INFOPLIST_KEY_UIApplicationSceneManifest_Generation = YES;
				INFOPLIST_KEY_UIApplicationSupportsIndirectInputEvents = YES;
				INFOPLIST_KEY_UILaunchScreen_Generation = YES;
				INFOPLIST_KEY_UISupportedInterfaceOrientations_iPad = "UIInterfaceOrientationPortrait UIInterfaceOrientationPortraitUpsideDown UIInterfaceOrientationLandscapeLeft UIInterfaceOrientationLandscapeRight";
				INFOPLIST_KEY_UISupportedInterfaceOrientations_iPhone = "UIInterfaceOrientationPortrait UIInterfaceOrientationLandscapeLeft UIInterfaceOrientationLandscapeRight";
				LD_RUNPATH_SEARCH_PATHS = (
					"$(inherited)",
					"@executable_path/Frameworks",
				);
				MARKETING_VERSION = 1.0;
				PRODUCT_BUNDLE_IDENTIFIER = com.unistream.unistream;
				PRODUCT_NAME = "$(TARGET_NAME)";
				SWIFT_EMIT_LOC_STRINGS = YES;
				SWIFT_VERSION = 5.0;
				TARGETED_DEVICE_FAMILY = "1,2";
			};
			name = Debug;
		};
		3A21C9392D6FCA9100C9B4AB /* Release */ = {
			isa = XCBuildConfiguration;
			buildSettings = {
				ASSETCATALOG_COMPILER_APPICON_NAME = AppIcon;
				ASSETCATALOG_COMPILER_GLOBAL_ACCENT_COLOR_NAME = AccentColor;
				CODE_SIGN_STYLE = Automatic;
				CURRENT_PROJECT_VERSION = 1;
				DEVELOPMENT_ASSET_PATHS = "\"unistream/Preview Content\"";
				ENABLE_PREVIEWS = YES;
				GENERATE_INFOPLIST_FILE = YES;
				INFOPLIST_KEY_UIApplicationSceneManifest_Generation = YES;
				INFOPLIST_KEY_UIApplicationSupportsIndirectInputEvents = YES;
				INFOPLIST_KEY_UILaunchScreen_Generation = YES;
				INFOPLIST_KEY_UISupportedInterfaceOrientations_iPad = "UIInterfaceOrientationPortrait UIInterfaceOrientationPortraitUpsideDown UIInterfaceOrientationLandscapeLeft UIInterfaceOrientationLandscapeRight";
				INFOPLIST_KEY_UISupportedInterfaceOrientations_iPhone = "UIInterfaceOrientationPortrait UIInterfaceOrientationLandscapeLeft UIInterfaceOrientationLandscapeRight";
				LD_RUNPATH_SEARCH_PATHS = (
					"$(inherited)",
					"@executable_path/Frameworks",
				);
				MARKETING_VERSION = 1.0;
				PRODUCT_BUNDLE_IDENTIFIER = com.unistream.unistream;
				PRODUCT_NAME = "$(TARGET_NAME)";
				SWIFT_EMIT_LOC_STRINGS = YES;
				SWIFT_VERSION = 5.0;
				TARGETED_DEVICE_FAMILY = "1,2";
			};
			name = Release;
		};
		3A21C93B2D6FCA9100C9B4AB /* Debug */ = {
			isa = XCBuildConfiguration;
			buildSettings = {
				BUNDLE_LOADER = "$(TEST_HOST)";
				CODE_SIGN_STYLE = Automatic;
				CURRENT_PROJECT_VERSION = 1;
				GENERATE_INFOPLIST_FILE = YES;
				IPHONEOS_DEPLOYMENT_TARGET = 17.5;
				MARKETING_VERSION = 1.0;
				PRODUCT_BUNDLE_IDENTIFIER = com.unistream.unistreamTests;
				PRODUCT_NAME = "$(TARGET_NAME)";
				SWIFT_EMIT_LOC_STRINGS = NO;
				SWIFT_VERSION = 5.0;
				TARGETED_DEVICE_FAMILY = "1,2";
				TEST_HOST = "$(BUILT_PRODUCTS_DIR)/unistream.app/$(BUNDLE_EXECUTABLE_FOLDER_PATH)/unistream";
			};
			name = Debug;
		};
		3A21C93C2D6FCA9100C9B4AB /* Release */ = {
			isa = XCBuildConfiguration;
			buildSettings = {
				BUNDLE_LOADER = "$(TEST_HOST)";
				CODE_SIGN_STYLE = Automatic;
				CURRENT_PROJECT_VERSION = 1;
				GENERATE_INFOPLIST_FILE = YES;
				IPHONEOS_DEPLOYMENT_TARGET = 17.5;
				MARKETING_VERSION = 1.0;
				PRODUCT_BUNDLE_IDENTIFIER = com.unistream.unistreamTests;
				PRODUCT_NAME = "$(TARGET_NAME)";
				SWIFT_EMIT_LOC_STRINGS = NO;
				SWIFT_VERSION = 5.0;
				TARGETED_DEVICE_FAMILY = "1,2";
				TEST_HOST = "$(BUILT_PRODUCTS_DIR)/unistream.app/$(BUNDLE_EXECUTABLE_FOLDER_PATH)/unistream";
			};
			name = Release;
		};
		3A21C93E2D6FCA9100C9B4AB /* Debug */ = {
			isa = XCBuildConfiguration;
			buildSettings = {
				CODE_SIGN_STYLE = Automatic;
				CURRENT_PROJECT_VERSION = 1;
				GENERATE_INFOPLIST_FILE = YES;
				MARKETING_VERSION = 1.0;
				PRODUCT_BUNDLE_IDENTIFIER = com.unistream.unistreamUITests;
				PRODUCT_NAME = "$(TARGET_NAME)";
				SWIFT_EMIT_LOC_STRINGS = NO;
				SWIFT_VERSION = 5.0;
				TARGETED_DEVICE_FAMILY = "1,2";
				TEST_TARGET_NAME = unistream;
			};
			name = Debug;
		};
		3A21C93F2D6FCA9100C9B4AB /* Release */ = {
			isa = XCBuildConfiguration;
			buildSettings = {
				CODE_SIGN_STYLE = Automatic;
				CURRENT_PROJECT_VERSION = 1;
				GENERATE_INFOPLIST_FILE = YES;
				MARKETING_VERSION = 1.0;
				PRODUCT_BUNDLE_IDENTIFIER = com.unistream.unistreamUITests;
				PRODUCT_NAME = "$(TARGET_NAME)";
				SWIFT_EMIT_LOC_STRINGS = NO;
				SWIFT_VERSION = 5.0;
				TARGETED_DEVICE_FAMILY = "1,2";
				TEST_TARGET_NAME = unistream;
			};
			name = Release;
		};
/* End XCBuildConfiguration section */

/* Begin XCConfigurationList section */
		3A21C90E2D6FCA8E00C9B4AB /* Build configuration list for PBXProject "unistream" */ = {
			isa = XCConfigurationList;
			buildConfigurations = (
				3A21C9352D6FCA9100C9B4AB /* Debug */,
				3A21C9362D6FCA9100C9B4AB /* Release */,
			);
			defaultConfigurationIsVisible = 0;
			defaultConfigurationName = Release;
		};
		3A21C9372D6FCA9100C9B4AB /* Build configuration list for PBXNativeTarget "unistream" */ = {
			isa = XCConfigurationList;
			buildConfigurations = (
				3A21C9382D6FCA9100C9B4AB /* Debug */,
				3A21C9392D6FCA9100C9B4AB /* Release */,
			);
			defaultConfigurationIsVisible = 0;
			defaultConfigurationName = Release;
		};
		3A21C93A2D6FCA9100C9B4AB /* Build configuration list for PBXNativeTarget "unistreamTests" */ = {
			isa = XCConfigurationList;
			buildConfigurations = (
				3A21C93B2D6FCA9100C9B4AB /* Debug */,
				3A21C93C2D6FCA9100C9B4AB /* Release */,
			);
			defaultConfigurationIsVisible = 0;
			defaultConfigurationName = Release;
		};
		3A21C93D2D6FCA9100C9B4AB /* Build configuration list for PBXNativeTarget "unistreamUITests" */ = {
			isa = XCConfigurationList;
			buildConfigurations = (
				3A21C93E2D6FCA9100C9B4AB /* Debug */,
				3A21C93F2D6FCA9100C9B4AB /* Release */,
			);
			defaultConfigurationIsVisible = 0;
			defaultConfigurationName = Release;
		};
/* End XCConfigurationList section */

/* Begin XCRemoteSwiftPackageReference section */
		3A2C085E2D85E47100D9968E /* XCRemoteSwiftPackageReference "swift-algorithms" */ = {
			isa = XCRemoteSwiftPackageReference;
			repositoryURL = "https://github.com/apple/swift-algorithms.git";
			requirement = {
				kind = upToNextMajorVersion;
				minimumVersion = 1.2.1;
			};
		};
/* End XCRemoteSwiftPackageReference section */
	};
	rootObject = 3A21C90B2D6FCA8E00C9B4AB /* Project object */;
}
